
Microsoft Visual Studio Solution File, Format Version 12.00
# Visual Studio 2012
Project("{E24C65DC-7377-472B-9ABA-BC803B73C61A}") = "psMathStats", ".", "{A3FA8F45-2BC0-4FDA-9CE8-49BA369A7EAD}"
	ProjectSection(WebsiteProperties) = preProject
		TargetFrameworkMoniker = ".NETFramework,Version%3Dv4.0"
		Debug.AspNetCompiler.VirtualPath = "/psMathStats"
		Debug.AspNetCompiler.PhysicalPath = "..\psMathStats\"
		Debug.AspNetCompiler.TargetPath = "PrecompiledWeb\psMathStats\"
		Debug.AspNetCompiler.Updateable = "true"
		Debug.AspNetCompiler.ForceOverwrite = "true"
		Debug.AspNetCompiler.FixedNames = "false"
		Debug.AspNetCompiler.Debug = "True"
		Release.AspNetCompiler.VirtualPath = "/psMathStats"
		Release.AspNetCompiler.PhysicalPath = "..\psMathStats\"
		Release.AspNetCompiler.TargetPath = "PrecompiledWeb\psMathStats\"
		Release.AspNetCompiler.Updateable = "true"
		Release.AspNetCompiler.ForceOverwrite = "true"
		Release.AspNetCompiler.FixedNames = "false"
		Release.AspNetCompiler.Debug = "False"
		VWDPort = "59659"
	EndProjectSection
EndProject
Global
	GlobalSection(SolutionConfigurationPlatforms) = preSolution
		Debug|Any CPU = Debug|Any CPU
	EndGlobalSection
	GlobalSection(ProjectConfigurationPlatforms) = postSolution
		{A3FA8F45-2BC0-4FDA-9CE8-49BA369A7EAD}.Debug|Any CPU.ActiveCfg = Debug|Any CPU
		{A3FA8F45-2BC0-4FDA-9CE8-49BA369A7EAD}.Debug|Any CPU.Build.0 = Debug|Any CPU
	EndGlobalSection
	GlobalSection(SolutionProperties) = preSolution
		HideSolutionNode = FALSE
	EndGlobalSection
EndGlobal
